// !$*UTF8*$!
{
	archiveVersion = 1;
	classes = {
	};
	objectVersion = 51;
	objects = {

/* Begin PBXBuildFile section */
		3C9A3503AA3913306F87AE59 /* Pods_LaboratorisFib_LaboratorisFibUITests.framework in Frameworks */ = {isa = PBXBuildFile; fileRef = 5AD2225ADB1A64B1420F6307 /* Pods_LaboratorisFib_LaboratorisFibUITests.framework */; };
		7112F97924329E03002DF723 /* LaboratoriViewModel.swift in Sources */ = {isa = PBXBuildFile; fileRef = 7112F97824329E03002DF723 /* LaboratoriViewModel.swift */; };
		71425020245841A000A856EE /* Singleton.swift in Sources */ = {isa = PBXBuildFile; fileRef = 7142501F245841A000A856EE /* Singleton.swift */; };
		71451AD6242FA2D80053C112 /* LaboratoriManagement.swift in Sources */ = {isa = PBXBuildFile; fileRef = 71451AD5242FA2D80053C112 /* LaboratoriManagement.swift */; };
		71A320CA2455E5C000D4B723 /* LabLayout.swift in Sources */ = {isa = PBXBuildFile; fileRef = 71A320C92455E5C000D4B723 /* LabLayout.swift */; };
		71C8578B245AED87000E8A03 /* Protocol.swift in Sources */ = {isa = PBXBuildFile; fileRef = 71C8578A245AED87000E8A03 /* Protocol.swift */; };
		71CC3269242E29C600BE0F3E /* AppDelegate.swift in Sources */ = {isa = PBXBuildFile; fileRef = 71CC3268242E29C600BE0F3E /* AppDelegate.swift */; };
		71CC326B242E29C600BE0F3E /* SceneDelegate.swift in Sources */ = {isa = PBXBuildFile; fileRef = 71CC326A242E29C600BE0F3E /* SceneDelegate.swift */; };
		71CC326D242E29C600BE0F3E /* LaboratorisController.swift in Sources */ = {isa = PBXBuildFile; fileRef = 71CC326C242E29C600BE0F3E /* LaboratorisController.swift */; };
		71CC3270242E29C600BE0F3E /* Main.storyboard in Resources */ = {isa = PBXBuildFile; fileRef = 71CC326E242E29C600BE0F3E /* Main.storyboard */; };
		71CC3272242E29C800BE0F3E /* Assets.xcassets in Resources */ = {isa = PBXBuildFile; fileRef = 71CC3271242E29C800BE0F3E /* Assets.xcassets */; };
		71CC3275242E29C800BE0F3E /* LaunchScreen.storyboard in Resources */ = {isa = PBXBuildFile; fileRef = 71CC3273242E29C800BE0F3E /* LaunchScreen.storyboard */; };
		71CC3280242E29C800BE0F3E /* LaboratorisFibTests.swift in Sources */ = {isa = PBXBuildFile; fileRef = 71CC327F242E29C800BE0F3E /* LaboratorisFibTests.swift */; };
		71CC328B242E29C800BE0F3E /* LaboratorisFibUITests.swift in Sources */ = {isa = PBXBuildFile; fileRef = 71CC328A242E29C800BE0F3E /* LaboratorisFibUITests.swift */; };
		71CC329C242E32B700BE0F3E /* CustomCollectionViewCell.swift in Sources */ = {isa = PBXBuildFile; fileRef = 71CC329B242E32B700BE0F3E /* CustomCollectionViewCell.swift */; };
		71F46531242FD34200A415AC /* Laboratori.swift in Sources */ = {isa = PBXBuildFile; fileRef = 71F46530242FD34200A415AC /* Laboratori.swift */; };
		76C5C80C68E8ADA6F5C741C0 /* Pods_LaboratorisFib.framework in Frameworks */ = {isa = PBXBuildFile; fileRef = 9C6116223A262D02A7B72AA2 /* Pods_LaboratorisFib.framework */; };
		BD6535A30A361C5597EFD639 /* Pods_LaboratorisFibTests.framework in Frameworks */ = {isa = PBXBuildFile; fileRef = AA584D374EF3CC9253B966B9 /* Pods_LaboratorisFibTests.framework */; };
/* End PBXBuildFile section */

/* Begin PBXContainerItemProxy section */
		71CC327C242E29C800BE0F3E /* PBXContainerItemProxy */ = {
			isa = PBXContainerItemProxy;
			containerPortal = 71CC325D242E29C600BE0F3E /* Project object */;
			proxyType = 1;
			remoteGlobalIDString = 71CC3264242E29C600BE0F3E;
			remoteInfo = LaboratorisFib;
		};
		71CC3287242E29C800BE0F3E /* PBXContainerItemProxy */ = {
			isa = PBXContainerItemProxy;
			containerPortal = 71CC325D242E29C600BE0F3E /* Project object */;
			proxyType = 1;
			remoteGlobalIDString = 71CC3264242E29C600BE0F3E;
			remoteInfo = LaboratorisFib;
		};
/* End PBXContainerItemProxy section */

/* Begin PBXFileReference section */
		203C360714411D6E8311A57B /* Pods-LaboratorisFibTests.debug.xcconfig */ = {isa = PBXFileReference; includeInIndex = 1; lastKnownFileType = text.xcconfig; name = "Pods-LaboratorisFibTests.debug.xcconfig"; path = "Target Support Files/Pods-LaboratorisFibTests/Pods-LaboratorisFibTests.debug.xcconfig"; sourceTree = "<group>"; };
		59F1F20C9D241E2C54F39E43 /* Pods-LaboratorisFib-LaboratorisFibUITests.debug.xcconfig */ = {isa = PBXFileReference; includeInIndex = 1; lastKnownFileType = text.xcconfig; name = "Pods-LaboratorisFib-LaboratorisFibUITests.debug.xcconfig"; path = "Target Support Files/Pods-LaboratorisFib-LaboratorisFibUITests/Pods-LaboratorisFib-LaboratorisFibUITests.debug.xcconfig"; sourceTree = "<group>"; };
		5AD2225ADB1A64B1420F6307 /* Pods_LaboratorisFib_LaboratorisFibUITests.framework */ = {isa = PBXFileReference; explicitFileType = wrapper.framework; includeInIndex = 0; path = Pods_LaboratorisFib_LaboratorisFibUITests.framework; sourceTree = BUILT_PRODUCTS_DIR; };
		67E54139410A5FB989B45EC3 /* Pods-LaboratorisFib.debug.xcconfig */ = {isa = PBXFileReference; includeInIndex = 1; lastKnownFileType = text.xcconfig; name = "Pods-LaboratorisFib.debug.xcconfig"; path = "Target Support Files/Pods-LaboratorisFib/Pods-LaboratorisFib.debug.xcconfig"; sourceTree = "<group>"; };
		7112F97824329E03002DF723 /* LaboratoriViewModel.swift */ = {isa = PBXFileReference; lastKnownFileType = sourcecode.swift; path = LaboratoriViewModel.swift; sourceTree = "<group>"; };
		7142501F245841A000A856EE /* Singleton.swift */ = {isa = PBXFileReference; lastKnownFileType = sourcecode.swift; path = Singleton.swift; sourceTree = "<group>"; };
		71451AD5242FA2D80053C112 /* LaboratoriManagement.swift */ = {isa = PBXFileReference; lastKnownFileType = sourcecode.swift; path = LaboratoriManagement.swift; sourceTree = "<group>"; };
		71A320C92455E5C000D4B723 /* LabLayout.swift */ = {isa = PBXFileReference; lastKnownFileType = sourcecode.swift; path = LabLayout.swift; sourceTree = "<group>"; };
		71C8578A245AED87000E8A03 /* Protocol.swift */ = {isa = PBXFileReference; lastKnownFileType = sourcecode.swift; path = Protocol.swift; sourceTree = "<group>"; };
		71CC3265242E29C600BE0F3E /* LaboratorisFib.app */ = {isa = PBXFileReference; explicitFileType = wrapper.application; includeInIndex = 0; path = LaboratorisFib.app; sourceTree = BUILT_PRODUCTS_DIR; };
		71CC3268242E29C600BE0F3E /* AppDelegate.swift */ = {isa = PBXFileReference; lastKnownFileType = sourcecode.swift; path = AppDelegate.swift; sourceTree = "<group>"; };
		71CC326A242E29C600BE0F3E /* SceneDelegate.swift */ = {isa = PBXFileReference; lastKnownFileType = sourcecode.swift; path = SceneDelegate.swift; sourceTree = "<group>"; };
		71CC326C242E29C600BE0F3E /* LaboratorisController.swift */ = {isa = PBXFileReference; lastKnownFileType = sourcecode.swift; path = LaboratorisController.swift; sourceTree = "<group>"; };
		71CC326F242E29C600BE0F3E /* Base */ = {isa = PBXFileReference; lastKnownFileType = file.storyboard; name = Base; path = Base.lproj/Main.storyboard; sourceTree = "<group>"; };
		71CC3271242E29C800BE0F3E /* Assets.xcassets */ = {isa = PBXFileReference; lastKnownFileType = folder.assetcatalog; path = Assets.xcassets; sourceTree = "<group>"; };
		71CC3274242E29C800BE0F3E /* Base */ = {isa = PBXFileReference; lastKnownFileType = file.storyboard; name = Base; path = Base.lproj/LaunchScreen.storyboard; sourceTree = "<group>"; };
		71CC3276242E29C800BE0F3E /* Info.plist */ = {isa = PBXFileReference; lastKnownFileType = text.plist.xml; path = Info.plist; sourceTree = "<group>"; };
		71CC327B242E29C800BE0F3E /* LaboratorisFibTests.xctest */ = {isa = PBXFileReference; explicitFileType = wrapper.cfbundle; includeInIndex = 0; path = LaboratorisFibTests.xctest; sourceTree = BUILT_PRODUCTS_DIR; };
		71CC327F242E29C800BE0F3E /* LaboratorisFibTests.swift */ = {isa = PBXFileReference; lastKnownFileType = sourcecode.swift; path = LaboratorisFibTests.swift; sourceTree = "<group>"; };
		71CC3281242E29C800BE0F3E /* Info.plist */ = {isa = PBXFileReference; lastKnownFileType = text.plist.xml; path = Info.plist; sourceTree = "<group>"; };
		71CC3286242E29C800BE0F3E /* LaboratorisFibUITests.xctest */ = {isa = PBXFileReference; explicitFileType = wrapper.cfbundle; includeInIndex = 0; path = LaboratorisFibUITests.xctest; sourceTree = BUILT_PRODUCTS_DIR; };
		71CC328A242E29C800BE0F3E /* LaboratorisFibUITests.swift */ = {isa = PBXFileReference; lastKnownFileType = sourcecode.swift; path = LaboratorisFibUITests.swift; sourceTree = "<group>"; };
		71CC328C242E29C800BE0F3E /* Info.plist */ = {isa = PBXFileReference; lastKnownFileType = text.plist.xml; path = Info.plist; sourceTree = "<group>"; };
		71CC329B242E32B700BE0F3E /* CustomCollectionViewCell.swift */ = {isa = PBXFileReference; lastKnownFileType = sourcecode.swift; path = CustomCollectionViewCell.swift; sourceTree = "<group>"; };
		71F46530242FD34200A415AC /* Laboratori.swift */ = {isa = PBXFileReference; lastKnownFileType = sourcecode.swift; path = Laboratori.swift; sourceTree = "<group>"; };
		928224C328C1DD9B2C7DE3BD /* Pods-LaboratorisFibTests.release.xcconfig */ = {isa = PBXFileReference; includeInIndex = 1; lastKnownFileType = text.xcconfig; name = "Pods-LaboratorisFibTests.release.xcconfig"; path = "Target Support Files/Pods-LaboratorisFibTests/Pods-LaboratorisFibTests.release.xcconfig"; sourceTree = "<group>"; };
		9C6116223A262D02A7B72AA2 /* Pods_LaboratorisFib.framework */ = {isa = PBXFileReference; explicitFileType = wrapper.framework; includeInIndex = 0; path = Pods_LaboratorisFib.framework; sourceTree = BUILT_PRODUCTS_DIR; };
		AA584D374EF3CC9253B966B9 /* Pods_LaboratorisFibTests.framework */ = {isa = PBXFileReference; explicitFileType = wrapper.framework; includeInIndex = 0; path = Pods_LaboratorisFibTests.framework; sourceTree = BUILT_PRODUCTS_DIR; };
		CC4FE8B7508F2250431C8C53 /* Pods-LaboratorisFib.release.xcconfig */ = {isa = PBXFileReference; includeInIndex = 1; lastKnownFileType = text.xcconfig; name = "Pods-LaboratorisFib.release.xcconfig"; path = "Target Support Files/Pods-LaboratorisFib/Pods-LaboratorisFib.release.xcconfig"; sourceTree = "<group>"; };
		ED8F1C1FE7A70F9A2D623B43 /* Pods-LaboratorisFib-LaboratorisFibUITests.release.xcconfig */ = {isa = PBXFileReference; includeInIndex = 1; lastKnownFileType = text.xcconfig; name = "Pods-LaboratorisFib-LaboratorisFibUITests.release.xcconfig"; path = "Target Support Files/Pods-LaboratorisFib-LaboratorisFibUITests/Pods-LaboratorisFib-LaboratorisFibUITests.release.xcconfig"; sourceTree = "<group>"; };
/* End PBXFileReference section */

/* Begin PBXFrameworksBuildPhase section */
		71CC3262242E29C600BE0F3E /* Frameworks */ = {
			isa = PBXFrameworksBuildPhase;
			buildActionMask = 2147483647;
			files = (
				76C5C80C68E8ADA6F5C741C0 /* Pods_LaboratorisFib.framework in Frameworks */,
			);
			runOnlyForDeploymentPostprocessing = 0;
		};
		71CC3278242E29C800BE0F3E /* Frameworks */ = {
			isa = PBXFrameworksBuildPhase;
			buildActionMask = 2147483647;
			files = (
				BD6535A30A361C5597EFD639 /* Pods_LaboratorisFibTests.framework in Frameworks */,
			);
			runOnlyForDeploymentPostprocessing = 0;
		};
		71CC3283242E29C800BE0F3E /* Frameworks */ = {
			isa = PBXFrameworksBuildPhase;
			buildActionMask = 2147483647;
			files = (
				3C9A3503AA3913306F87AE59 /* Pods_LaboratorisFib_LaboratorisFibUITests.framework in Frameworks */,
			);
			runOnlyForDeploymentPostprocessing = 0;
		};
/* End PBXFrameworksBuildPhase section */

/* Begin PBXGroup section */
		609744DA51755C884680D5B7 /* Frameworks */ = {
			isa = PBXGroup;
			children = (
				9C6116223A262D02A7B72AA2 /* Pods_LaboratorisFib.framework */,
				5AD2225ADB1A64B1420F6307 /* Pods_LaboratorisFib_LaboratorisFibUITests.framework */,
				AA584D374EF3CC9253B966B9 /* Pods_LaboratorisFibTests.framework */,
			);
			name = Frameworks;
			sourceTree = "<group>";
		};
		7112F97624329D8C002DF723 /* Network */ = {
			isa = PBXGroup;
			children = (
				71451AD5242FA2D80053C112 /* LaboratoriManagement.swift */,
			);
			path = Network;
			sourceTree = "<group>";
		};
		7112F97724329DBD002DF723 /* ViewModels */ = {
			isa = PBXGroup;
			children = (
				7112F97824329E03002DF723 /* LaboratoriViewModel.swift */,
			);
			path = ViewModels;
			sourceTree = "<group>";
		};
		71A320C82455E57400D4B723 /* Layouts */ = {
			isa = PBXGroup;
			children = (
				71A320C92455E5C000D4B723 /* LabLayout.swift */,
			);
			path = Layouts;
			sourceTree = "<group>";
		};
		71C85789245AED77000E8A03 /* Protocolos */ = {
			isa = PBXGroup;
			children = (
				71C8578A245AED87000E8A03 /* Protocol.swift */,
			);
			path = Protocolos;
			sourceTree = "<group>";
		};
		71CA3B622459EC9400435A8D /* Collection */ = {
			isa = PBXGroup;
			children = (
				71CC326C242E29C600BE0F3E /* LaboratorisController.swift */,
			);
			path = Collection;
			sourceTree = "<group>";
		};
		71CC325C242E29C600BE0F3E = {
			isa = PBXGroup;
			children = (
				71CC3267242E29C600BE0F3E /* LaboratorisFib */,
				71CC327E242E29C800BE0F3E /* LaboratorisFibTests */,
				71CC3289242E29C800BE0F3E /* LaboratorisFibUITests */,
				71CC3266242E29C600BE0F3E /* Products */,
				B28D2150FD644A2FD30825BD /* Pods */,
				609744DA51755C884680D5B7 /* Frameworks */,
			);
			sourceTree = "<group>";
		};
		71CC3266242E29C600BE0F3E /* Products */ = {
			isa = PBXGroup;
			children = (
				71CC3265242E29C600BE0F3E /* LaboratorisFib.app */,
				71CC327B242E29C800BE0F3E /* LaboratorisFibTests.xctest */,
				71CC3286242E29C800BE0F3E /* LaboratorisFibUITests.xctest */,
			);
			name = Products;
			sourceTree = "<group>";
		};
		71CC3267242E29C600BE0F3E /* LaboratorisFib */ = {
			isa = PBXGroup;
			children = (
				71C85789245AED77000E8A03 /* Protocolos */,
				71CC326E242E29C600BE0F3E /* Main.storyboard */,
				71A320C82455E57400D4B723 /* Layouts */,
				7112F97724329DBD002DF723 /* ViewModels */,
				7112F97624329D8C002DF723 /* Network */,
				71CC329D242E32C400BE0F3E /* Views */,
				71CC329A242E2E4600BE0F3E /* Delegates */,
				71CC3299242E2E3900BE0F3E /* Controllers */,
				71CC3298242E2E1D00BE0F3E /* Models */,
				71CC3271242E29C800BE0F3E /* Assets.xcassets */,
				71CC3273242E29C800BE0F3E /* LaunchScreen.storyboard */,
				71CC3276242E29C800BE0F3E /* Info.plist */,
				7142501F245841A000A856EE /* Singleton.swift */,
			);
			path = LaboratorisFib;
			sourceTree = "<group>";
		};
		71CC327E242E29C800BE0F3E /* LaboratorisFibTests */ = {
			isa = PBXGroup;
			children = (
				71CC327F242E29C800BE0F3E /* LaboratorisFibTests.swift */,
				71CC3281242E29C800BE0F3E /* Info.plist */,
			);
			path = LaboratorisFibTests;
			sourceTree = "<group>";
		};
		71CC3289242E29C800BE0F3E /* LaboratorisFibUITests */ = {
			isa = PBXGroup;
			children = (
				71CC328A242E29C800BE0F3E /* LaboratorisFibUITests.swift */,
				71CC328C242E29C800BE0F3E /* Info.plist */,
			);
			path = LaboratorisFibUITests;
			sourceTree = "<group>";
		};
		71CC3298242E2E1D00BE0F3E /* Models */ = {
			isa = PBXGroup;
			children = (
				71F46530242FD34200A415AC /* Laboratori.swift */,
			);
			path = Models;
			sourceTree = "<group>";
		};
		71CC3299242E2E3900BE0F3E /* Controllers */ = {
			isa = PBXGroup;
			children = (
				71CA3B622459EC9400435A8D /* Collection */,
			);
			path = Controllers;
			sourceTree = "<group>";
		};
		71CC329A242E2E4600BE0F3E /* Delegates */ = {
			isa = PBXGroup;
			children = (
				71CC326A242E29C600BE0F3E /* SceneDelegate.swift */,
				71CC3268242E29C600BE0F3E /* AppDelegate.swift */,
			);
			path = Delegates;
			sourceTree = "<group>";
		};
		71CC329D242E32C400BE0F3E /* Views */ = {
			isa = PBXGroup;
			children = (
				71CC329B242E32B700BE0F3E /* CustomCollectionViewCell.swift */,
			);
			path = Views;
			sourceTree = "<group>";
		};
		B28D2150FD644A2FD30825BD /* Pods */ = {
			isa = PBXGroup;
			children = (
				67E54139410A5FB989B45EC3 /* Pods-LaboratorisFib.debug.xcconfig */,
				CC4FE8B7508F2250431C8C53 /* Pods-LaboratorisFib.release.xcconfig */,
				59F1F20C9D241E2C54F39E43 /* Pods-LaboratorisFib-LaboratorisFibUITests.debug.xcconfig */,
				ED8F1C1FE7A70F9A2D623B43 /* Pods-LaboratorisFib-LaboratorisFibUITests.release.xcconfig */,
				203C360714411D6E8311A57B /* Pods-LaboratorisFibTests.debug.xcconfig */,
				928224C328C1DD9B2C7DE3BD /* Pods-LaboratorisFibTests.release.xcconfig */,
			);
			path = Pods;
			sourceTree = "<group>";
		};
/* End PBXGroup section */

/* Begin PBXNativeTarget section */
		71CC3264242E29C600BE0F3E /* LaboratorisFib */ = {
			isa = PBXNativeTarget;
			buildConfigurationList = 71CC328F242E29C800BE0F3E /* Build configuration list for PBXNativeTarget "LaboratorisFib" */;
			buildPhases = (
				CAB29EC07BD4415FE05B4A5E /* [CP] Check Pods Manifest.lock */,
				71CC3261242E29C600BE0F3E /* Sources */,
				71CC3262242E29C600BE0F3E /* Frameworks */,
				71CC3263242E29C600BE0F3E /* Resources */,
				70607EC05BA4DF4E408997CC /* [CP] Embed Pods Frameworks */,
			);
			buildRules = (
			);
			dependencies = (
			);
			name = LaboratorisFib;
			productName = LaboratorisFib;
			productReference = 71CC3265242E29C600BE0F3E /* LaboratorisFib.app */;
			productType = "com.apple.product-type.application";
		};
		71CC327A242E29C800BE0F3E /* LaboratorisFibTests */ = {
			isa = PBXNativeTarget;
			buildConfigurationList = 71CC3292242E29C800BE0F3E /* Build configuration list for PBXNativeTarget "LaboratorisFibTests" */;
			buildPhases = (
				EB8B06BFFAB70862CCEA418C /* [CP] Check Pods Manifest.lock */,
				71CC3277242E29C800BE0F3E /* Sources */,
				71CC3278242E29C800BE0F3E /* Frameworks */,
				71CC3279242E29C800BE0F3E /* Resources */,
			);
			buildRules = (
			);
			dependencies = (
				71CC327D242E29C800BE0F3E /* PBXTargetDependency */,
			);
			name = LaboratorisFibTests;
			productName = LaboratorisFibTests;
			productReference = 71CC327B242E29C800BE0F3E /* LaboratorisFibTests.xctest */;
			productType = "com.apple.product-type.bundle.unit-test";
		};
		71CC3285242E29C800BE0F3E /* LaboratorisFibUITests */ = {
			isa = PBXNativeTarget;
			buildConfigurationList = 71CC3295242E29C800BE0F3E /* Build configuration list for PBXNativeTarget "LaboratorisFibUITests" */;
			buildPhases = (
				23F8D53F0A8097822679FC4B /* [CP] Check Pods Manifest.lock */,
				71CC3282242E29C800BE0F3E /* Sources */,
				71CC3283242E29C800BE0F3E /* Frameworks */,
				71CC3284242E29C800BE0F3E /* Resources */,
				A4D86DF4504EA1F7EA40BC35 /* [CP] Embed Pods Frameworks */,
			);
			buildRules = (
			);
			dependencies = (
				71CC3288242E29C800BE0F3E /* PBXTargetDependency */,
			);
			name = LaboratorisFibUITests;
			productName = LaboratorisFibUITests;
			productReference = 71CC3286242E29C800BE0F3E /* LaboratorisFibUITests.xctest */;
			productType = "com.apple.product-type.bundle.ui-testing";
		};
/* End PBXNativeTarget section */

/* Begin PBXProject section */
		71CC325D242E29C600BE0F3E /* Project object */ = {
			isa = PBXProject;
			attributes = {
				LastSwiftUpdateCheck = 1120;
				LastUpgradeCheck = 1120;
				ORGANIZATIONNAME = "Marcel Costa i Amezquita";
				TargetAttributes = {
					71CC3264242E29C600BE0F3E = {
						CreatedOnToolsVersion = 11.2.1;
					};
					71CC327A242E29C800BE0F3E = {
						CreatedOnToolsVersion = 11.2.1;
						TestTargetID = 71CC3264242E29C600BE0F3E;
					};
					71CC3285242E29C800BE0F3E = {
						CreatedOnToolsVersion = 11.2.1;
						TestTargetID = 71CC3264242E29C600BE0F3E;
					};
				};
			};
			buildConfigurationList = 71CC3260242E29C600BE0F3E /* Build configuration list for PBXProject "LaboratorisFib" */;
			compatibilityVersion = "Xcode 9.3";
			developmentRegion = en;
			hasScannedForEncodings = 0;
			knownRegions = (
				en,
				Base,
			);
			mainGroup = 71CC325C242E29C600BE0F3E;
			productRefGroup = 71CC3266242E29C600BE0F3E /* Products */;
			projectDirPath = "";
			projectRoot = "";
			targets = (
				71CC3264242E29C600BE0F3E /* LaboratorisFib */,
				71CC327A242E29C800BE0F3E /* LaboratorisFibTests */,
				71CC3285242E29C800BE0F3E /* LaboratorisFibUITests */,
			);
		};
/* End PBXProject section */

/* Begin PBXResourcesBuildPhase section */
		71CC3263242E29C600BE0F3E /* Resources */ = {
			isa = PBXResourcesBuildPhase;
			buildActionMask = 2147483647;
			files = (
				71CC3275242E29C800BE0F3E /* LaunchScreen.storyboard in Resources */,
				71CC3272242E29C800BE0F3E /* Assets.xcassets in Resources */,
				71CC3270242E29C600BE0F3E /* Main.storyboard in Resources */,
			);
			runOnlyForDeploymentPostprocessing = 0;
		};
		71CC3279242E29C800BE0F3E /* Resources */ = {
			isa = PBXResourcesBuildPhase;
			buildActionMask = 2147483647;
			files = (
			);
			runOnlyForDeploymentPostprocessing = 0;
		};
		71CC3284242E29C800BE0F3E /* Resources */ = {
			isa = PBXResourcesBuildPhase;
			buildActionMask = 2147483647;
			files = (
			);
			runOnlyForDeploymentPostprocessing = 0;
		};
/* End PBXResourcesBuildPhase section */

/* Begin PBXShellScriptBuildPhase section */
		23F8D53F0A8097822679FC4B /* [CP] Check Pods Manifest.lock */ = {
			isa = PBXShellScriptBuildPhase;
			buildActionMask = 2147483647;
			files = (
			);
			inputFileListPaths = (
			);
			inputPaths = (
				"${PODS_PODFILE_DIR_PATH}/Podfile.lock",
				"${PODS_ROOT}/Manifest.lock",
			);
			name = "[CP] Check Pods Manifest.lock";
			outputFileListPaths = (
			);
			outputPaths = (
				"$(DERIVED_FILE_DIR)/Pods-LaboratorisFib-LaboratorisFibUITests-checkManifestLockResult.txt",
			);
			runOnlyForDeploymentPostprocessing = 0;
			shellPath = /bin/sh;
			shellScript = "diff \"${PODS_PODFILE_DIR_PATH}/Podfile.lock\" \"${PODS_ROOT}/Manifest.lock\" > /dev/null\nif [ $? != 0 ] ; then\n    # print error to STDERR\n    echo \"error: The sandbox is not in sync with the Podfile.lock. Run 'pod install' or update your CocoaPods installation.\" >&2\n    exit 1\nfi\n# This output is used by Xcode 'outputs' to avoid re-running this script phase.\necho \"SUCCESS\" > \"${SCRIPT_OUTPUT_FILE_0}\"\n";
			showEnvVarsInLog = 0;
		};
		70607EC05BA4DF4E408997CC /* [CP] Embed Pods Frameworks */ = {
			isa = PBXShellScriptBuildPhase;
			buildActionMask = 2147483647;
			files = (
			);
			inputFileListPaths = (
				"${PODS_ROOT}/Target Support Files/Pods-LaboratorisFib/Pods-LaboratorisFib-frameworks-${CONFIGURATION}-input-files.xcfilelist",
			);
			name = "[CP] Embed Pods Frameworks";
			outputFileListPaths = (
				"${PODS_ROOT}/Target Support Files/Pods-LaboratorisFib/Pods-LaboratorisFib-frameworks-${CONFIGURATION}-output-files.xcfilelist",
			);
			runOnlyForDeploymentPostprocessing = 0;
			shellPath = /bin/sh;
			shellScript = "\"${PODS_ROOT}/Target Support Files/Pods-LaboratorisFib/Pods-LaboratorisFib-frameworks.sh\"\n";
			showEnvVarsInLog = 0;
		};
		A4D86DF4504EA1F7EA40BC35 /* [CP] Embed Pods Frameworks */ = {
			isa = PBXShellScriptBuildPhase;
			buildActionMask = 2147483647;
			files = (
			);
			inputFileListPaths = (
				"${PODS_ROOT}/Target Support Files/Pods-LaboratorisFib-LaboratorisFibUITests/Pods-LaboratorisFib-LaboratorisFibUITests-frameworks-${CONFIGURATION}-input-files.xcfilelist",
			);
			name = "[CP] Embed Pods Frameworks";
			outputFileListPaths = (
				"${PODS_ROOT}/Target Support Files/Pods-LaboratorisFib-LaboratorisFibUITests/Pods-LaboratorisFib-LaboratorisFibUITests-frameworks-${CONFIGURATION}-output-files.xcfilelist",
			);
			runOnlyForDeploymentPostprocessing = 0;
			shellPath = /bin/sh;
			shellScript = "\"${PODS_ROOT}/Target Support Files/Pods-LaboratorisFib-LaboratorisFibUITests/Pods-LaboratorisFib-LaboratorisFibUITests-frameworks.sh\"\n";
			showEnvVarsInLog = 0;
		};
		CAB29EC07BD4415FE05B4A5E /* [CP] Check Pods Manifest.lock */ = {
			isa = PBXShellScriptBuildPhase;
			buildActionMask = 2147483647;
			files = (
			);
			inputFileListPaths = (
			);
			inputPaths = (
				"${PODS_PODFILE_DIR_PATH}/Podfile.lock",
				"${PODS_ROOT}/Manifest.lock",
			);
			name = "[CP] Check Pods Manifest.lock";
			outputFileListPaths = (
			);
			outputPaths = (
				"$(DERIVED_FILE_DIR)/Pods-LaboratorisFib-checkManifestLockResult.txt",
			);
			runOnlyForDeploymentPostprocessing = 0;
			shellPath = /bin/sh;
			shellScript = "diff \"${PODS_PODFILE_DIR_PATH}/Podfile.lock\" \"${PODS_ROOT}/Manifest.lock\" > /dev/null\nif [ $? != 0 ] ; then\n    # print error to STDERR\n    echo \"error: The sandbox is not in sync with the Podfile.lock. Run 'pod install' or update your CocoaPods installation.\" >&2\n    exit 1\nfi\n# This output is used by Xcode 'outputs' to avoid re-running this script phase.\necho \"SUCCESS\" > \"${SCRIPT_OUTPUT_FILE_0}\"\n";
			showEnvVarsInLog = 0;
		};
		EB8B06BFFAB70862CCEA418C /* [CP] Check Pods Manifest.lock */ = {
			isa = PBXShellScriptBuildPhase;
			buildActionMask = 2147483647;
			files = (
			);
			inputFileListPaths = (
			);
			inputPaths = (
				"${PODS_PODFILE_DIR_PATH}/Podfile.lock",
				"${PODS_ROOT}/Manifest.lock",
			);
			name = "[CP] Check Pods Manifest.lock";
			outputFileListPaths = (
			);
			outputPaths = (
				"$(DERIVED_FILE_DIR)/Pods-LaboratorisFibTests-checkManifestLockResult.txt",
			);
			runOnlyForDeploymentPostprocessing = 0;
			shellPath = /bin/sh;
			shellScript = "diff \"${PODS_PODFILE_DIR_PATH}/Podfile.lock\" \"${PODS_ROOT}/Manifest.lock\" > /dev/null\nif [ $? != 0 ] ; then\n    # print error to STDERR\n    echo \"error: The sandbox is not in sync with the Podfile.lock. Run 'pod install' or update your CocoaPods installation.\" >&2\n    exit 1\nfi\n# This output is used by Xcode 'outputs' to avoid re-running this script phase.\necho \"SUCCESS\" > \"${SCRIPT_OUTPUT_FILE_0}\"\n";
			showEnvVarsInLog = 0;
		};
/* End PBXShellScriptBuildPhase section */

/* Begin PBXSourcesBuildPhase section */
		71CC3261242E29C600BE0F3E /* Sources */ = {
			isa = PBXSourcesBuildPhase;
			buildActionMask = 2147483647;
			files = (
				71F46531242FD34200A415AC /* Laboratori.swift in Sources */,
				71425020245841A000A856EE /* Singleton.swift in Sources */,
				71CC326D242E29C600BE0F3E /* LaboratorisController.swift in Sources */,
				71CC3269242E29C600BE0F3E /* AppDelegate.swift in Sources */,
				71451AD6242FA2D80053C112 /* LaboratoriManagement.swift in Sources */,
				71C8578B245AED87000E8A03 /* Protocol.swift in Sources */,
				71CC326B242E29C600BE0F3E /* SceneDelegate.swift in Sources */,
				71A320CA2455E5C000D4B723 /* LabLayout.swift in Sources */,
				71CC329C242E32B700BE0F3E /* CustomCollectionViewCell.swift in Sources */,
				7112F97924329E03002DF723 /* LaboratoriViewModel.swift in Sources */,
			);
			runOnlyForDeploymentPostprocessing = 0;
		};
		71CC3277242E29C800BE0F3E /* Sources */ = {
			isa = PBXSourcesBuildPhase;
			buildActionMask = 2147483647;
			files = (
				71CC3280242E29C800BE0F3E /* LaboratorisFibTests.swift in Sources */,
			);
			runOnlyForDeploymentPostprocessing = 0;
		};
		71CC3282242E29C800BE0F3E /* Sources */ = {
			isa = PBXSourcesBuildPhase;
			buildActionMask = 2147483647;
			files = (
				71CC328B242E29C800BE0F3E /* LaboratorisFibUITests.swift in Sources */,
			);
			runOnlyForDeploymentPostprocessing = 0;
		};
/* End PBXSourcesBuildPhase section */

/* Begin PBXTargetDependency section */
		71CC327D242E29C800BE0F3E /* PBXTargetDependency */ = {
			isa = PBXTargetDependency;
			target = 71CC3264242E29C600BE0F3E /* LaboratorisFib */;
			targetProxy = 71CC327C242E29C800BE0F3E /* PBXContainerItemProxy */;
		};
		71CC3288242E29C800BE0F3E /* PBXTargetDependency */ = {
			isa = PBXTargetDependency;
			target = 71CC3264242E29C600BE0F3E /* LaboratorisFib */;
			targetProxy = 71CC3287242E29C800BE0F3E /* PBXContainerItemProxy */;
		};
/* End PBXTargetDependency section */

/* Begin PBXVariantGroup section */
		71CC326E242E29C600BE0F3E /* Main.storyboard */ = {
			isa = PBXVariantGroup;
			children = (
				71CC326F242E29C600BE0F3E /* Base */,
			);
			name = Main.storyboard;
			sourceTree = "<group>";
		};
		71CC3273242E29C800BE0F3E /* LaunchScreen.storyboard */ = {
			isa = PBXVariantGroup;
			children = (
				71CC3274242E29C800BE0F3E /* Base */,
			);
			name = LaunchScreen.storyboard;
			sourceTree = "<group>";
		};
/* End PBXVariantGroup section */

/* Begin XCBuildConfiguration section */
		71CC328D242E29C800BE0F3E /* Debug */ = {
			isa = XCBuildConfiguration;
			buildSettings = {
				ALWAYS_SEARCH_USER_PATHS = NO;
				CLANG_ANALYZER_NONNULL = YES;
				CLANG_ANALYZER_NUMBER_OBJECT_CONVERSION = YES_AGGRESSIVE;
				CLANG_CXX_LANGUAGE_STANDARD = "gnu++14";
				CLANG_CXX_LIBRARY = "libc++";
				CLANG_ENABLE_MODULES = YES;
				CLANG_ENABLE_OBJC_ARC = YES;
				CLANG_ENABLE_OBJC_WEAK = YES;
				CLANG_WARN_BLOCK_CAPTURE_AUTORELEASING = YES;
				CLANG_WARN_BOOL_CONVERSION = YES;
				CLANG_WARN_COMMA = YES;
				CLANG_WARN_CONSTANT_CONVERSION = YES;
				CLANG_WARN_DEPRECATED_OBJC_IMPLEMENTATIONS = YES;
				CLANG_WARN_DIRECT_OBJC_ISA_USAGE = YES_ERROR;
				CLANG_WARN_DOCUMENTATION_COMMENTS = YES;
				CLANG_WARN_EMPTY_BODY = YES;
				CLANG_WARN_ENUM_CONVERSION = YES;
				CLANG_WARN_INFINITE_RECURSION = YES;
				CLANG_WARN_INT_CONVERSION = YES;
				CLANG_WARN_NON_LITERAL_NULL_CONVERSION = YES;
				CLANG_WARN_OBJC_IMPLICIT_RETAIN_SELF = YES;
				CLANG_WARN_OBJC_LITERAL_CONVERSION = YES;
				CLANG_WARN_OBJC_ROOT_CLASS = YES_ERROR;
				CLANG_WARN_RANGE_LOOP_ANALYSIS = YES;
				CLANG_WARN_STRICT_PROTOTYPES = YES;
				CLANG_WARN_SUSPICIOUS_MOVE = YES;
				CLANG_WARN_UNGUARDED_AVAILABILITY = YES_AGGRESSIVE;
				CLANG_WARN_UNREACHABLE_CODE = YES;
				CLANG_WARN__DUPLICATE_METHOD_MATCH = YES;
				COPY_PHASE_STRIP = NO;
				DEBUG_INFORMATION_FORMAT = dwarf;
				ENABLE_STRICT_OBJC_MSGSEND = YES;
				ENABLE_TESTABILITY = YES;
				GCC_C_LANGUAGE_STANDARD = gnu11;
				GCC_DYNAMIC_NO_PIC = NO;
				GCC_NO_COMMON_BLOCKS = YES;
				GCC_OPTIMIZATION_LEVEL = 0;
				GCC_PREPROCESSOR_DEFINITIONS = (
					"DEBUG=1",
					"$(inherited)",
				);
				GCC_WARN_64_TO_32_BIT_CONVERSION = YES;
				GCC_WARN_ABOUT_RETURN_TYPE = YES_ERROR;
				GCC_WARN_UNDECLARED_SELECTOR = YES;
				GCC_WARN_UNINITIALIZED_AUTOS = YES_AGGRESSIVE;
				GCC_WARN_UNUSED_FUNCTION = YES;
				GCC_WARN_UNUSED_VARIABLE = YES;
				IPHONEOS_DEPLOYMENT_TARGET = 13.2;
				MTL_ENABLE_DEBUG_INFO = INCLUDE_SOURCE;
				MTL_FAST_MATH = YES;
				ONLY_ACTIVE_ARCH = YES;
				SDKROOT = iphoneos;
				SWIFT_ACTIVE_COMPILATION_CONDITIONS = DEBUG;
				SWIFT_OPTIMIZATION_LEVEL = "-Onone";
			};
			name = Debug;
		};
		71CC328E242E29C800BE0F3E /* Release */ = {
			isa = XCBuildConfiguration;
			buildSettings = {
				ALWAYS_SEARCH_USER_PATHS = NO;
				CLANG_ANALYZER_NONNULL = YES;
				CLANG_ANALYZER_NUMBER_OBJECT_CONVERSION = YES_AGGRESSIVE;
				CLANG_CXX_LANGUAGE_STANDARD = "gnu++14";
				CLANG_CXX_LIBRARY = "libc++";
				CLANG_ENABLE_MODULES = YES;
				CLANG_ENABLE_OBJC_ARC = YES;
				CLANG_ENABLE_OBJC_WEAK = YES;
				CLANG_WARN_BLOCK_CAPTURE_AUTORELEASING = YES;
				CLANG_WARN_BOOL_CONVERSION = YES;
				CLANG_WARN_COMMA = YES;
				CLANG_WARN_CONSTANT_CONVERSION = YES;
				CLANG_WARN_DEPRECATED_OBJC_IMPLEMENTATIONS = YES;
				CLANG_WARN_DIRECT_OBJC_ISA_USAGE = YES_ERROR;
				CLANG_WARN_DOCUMENTATION_COMMENTS = YES;
				CLANG_WARN_EMPTY_BODY = YES;
				CLANG_WARN_ENUM_CONVERSION = YES;
				CLANG_WARN_INFINITE_RECURSION = YES;
				CLANG_WARN_INT_CONVERSION = YES;
				CLANG_WARN_NON_LITERAL_NULL_CONVERSION = YES;
				CLANG_WARN_OBJC_IMPLICIT_RETAIN_SELF = YES;
				CLANG_WARN_OBJC_LITERAL_CONVERSION = YES;
				CLANG_WARN_OBJC_ROOT_CLASS = YES_ERROR;
				CLANG_WARN_RANGE_LOOP_ANALYSIS = YES;
				CLANG_WARN_STRICT_PROTOTYPES = YES;
				CLANG_WARN_SUSPICIOUS_MOVE = YES;
				CLANG_WARN_UNGUARDED_AVAILABILITY = YES_AGGRESSIVE;
				CLANG_WARN_UNREACHABLE_CODE = YES;
				CLANG_WARN__DUPLICATE_METHOD_MATCH = YES;
				COPY_PHASE_STRIP = NO;
				DEBUG_INFORMATION_FORMAT = "dwarf-with-dsym";
				ENABLE_NS_ASSERTIONS = NO;
				ENABLE_STRICT_OBJC_MSGSEND = YES;
				GCC_C_LANGUAGE_STANDARD = gnu11;
				GCC_NO_COMMON_BLOCKS = YES;
				GCC_WARN_64_TO_32_BIT_CONVERSION = YES;
				GCC_WARN_ABOUT_RETURN_TYPE = YES_ERROR;
				GCC_WARN_UNDECLARED_SELECTOR = YES;
				GCC_WARN_UNINITIALIZED_AUTOS = YES_AGGRESSIVE;
				GCC_WARN_UNUSED_FUNCTION = YES;
				GCC_WARN_UNUSED_VARIABLE = YES;
				IPHONEOS_DEPLOYMENT_TARGET = 13.2;
				MTL_ENABLE_DEBUG_INFO = NO;
				MTL_FAST_MATH = YES;
				SDKROOT = iphoneos;
				SWIFT_COMPILATION_MODE = wholemodule;
				SWIFT_OPTIMIZATION_LEVEL = "-O";
				VALIDATE_PRODUCT = YES;
			};
			name = Release;
		};
		71CC3290242E29C800BE0F3E /* Debug */ = {
			isa = XCBuildConfiguration;
			baseConfigurationReference = 67E54139410A5FB989B45EC3 /* Pods-LaboratorisFib.debug.xcconfig */;
			buildSettings = {
				ASSETCATALOG_COMPILER_APPICON_NAME = AppIcon;
				CODE_SIGN_STYLE = Automatic;
				INFOPLIST_FILE = LaboratorisFib/Info.plist;
				LD_RUNPATH_SEARCH_PATHS = (
					"$(inherited)",
					"@executable_path/Frameworks",
				);
				PRODUCT_BUNDLE_IDENTIFIER = celo.LaboratorisFib;
				PRODUCT_NAME = "$(TARGET_NAME)";
				SWIFT_VERSION = 5.0;
				TARGETED_DEVICE_FAMILY = "1,2";
			};
			name = Debug;
		};
		71CC3291242E29C800BE0F3E /* Release */ = {
			isa = XCBuildConfiguration;
			baseConfigurationReference = CC4FE8B7508F2250431C8C53 /* Pods-LaboratorisFib.release.xcconfig */;
			buildSettings = {
				ASSETCATALOG_COMPILER_APPICON_NAME = AppIcon;
				CODE_SIGN_STYLE = Automatic;
				INFOPLIST_FILE = LaboratorisFib/Info.plist;
				LD_RUNPATH_SEARCH_PATHS = (
					"$(inherited)",
					"@executable_path/Frameworks",
				);
				PRODUCT_BUNDLE_IDENTIFIER = celo.LaboratorisFib;
				PRODUCT_NAME = "$(TARGET_NAME)";
				SWIFT_VERSION = 5.0;
				TARGETED_DEVICE_FAMILY = "1,2";
			};
			name = Release;
		};
		71CC3293242E29C800BE0F3E /* Debug */ = {
			isa = XCBuildConfiguration;
			baseConfigurationReference = 203C360714411D6E8311A57B /* Pods-LaboratorisFibTests.debug.xcconfig */;
			buildSettings = {
				ALWAYS_EMBED_SWIFT_STANDARD_LIBRARIES = YES;
				BUNDLE_LOADER = "$(TEST_HOST)";
				CODE_SIGN_STYLE = Automatic;
				INFOPLIST_FILE = LaboratorisFibTests/Info.plist;
				IPHONEOS_DEPLOYMENT_TARGET = 13.2;
				LD_RUNPATH_SEARCH_PATHS = (
					"$(inherited)",
					"@executable_path/Frameworks",
					"@loader_path/Frameworks",
				);
				PRODUCT_BUNDLE_IDENTIFIER = celo.LaboratorisFibTests;
				PRODUCT_NAME = "$(TARGET_NAME)";
				SWIFT_VERSION = 5.0;
				TARGETED_DEVICE_FAMILY = "1,2";
				TEST_HOST = "$(BUILT_PRODUCTS_DIR)/LaboratorisFib.app/LaboratorisFib";
			};
			name = Debug;
		};
		71CC3294242E29C800BE0F3E /* Release */ = {
			isa = XCBuildConfiguration;
			baseConfigurationReference = 928224C328C1DD9B2C7DE3BD /* Pods-LaboratorisFibTests.release.xcconfig */;
			buildSettings = {
				ALWAYS_EMBED_SWIFT_STANDARD_LIBRARIES = YES;
				BUNDLE_LOADER = "$(TEST_HOST)";
				CODE_SIGN_STYLE = Automatic;
				INFOPLIST_FILE = LaboratorisFibTests/Info.plist;
				IPHONEOS_DEPLOYMENT_TARGET = 13.2;
				LD_RUNPATH_SEARCH_PATHS = (
					"$(inherited)",
					"@executable_path/Frameworks",
					"@loader_path/Frameworks",
				);
				PRODUCT_BUNDLE_IDENTIFIER = celo.LaboratorisFibTests;
				PRODUCT_NAME = "$(TARGET_NAME)";
				SWIFT_VERSION = 5.0;
				TARGETED_DEVICE_FAMILY = "1,2";
				TEST_HOST = "$(BUILT_PRODUCTS_DIR)/LaboratorisFib.app/LaboratorisFib";
			};
			name = Release;
		};
		71CC3296242E29C800BE0F3E /* Debug */ = {
			isa = XCBuildConfiguration;
			baseConfigurationReference = 59F1F20C9D241E2C54F39E43 /* Pods-LaboratorisFib-LaboratorisFibUITests.debug.xcconfig */;
			buildSettings = {
				ALWAYS_EMBED_SWIFT_STANDARD_LIBRARIES = YES;
				CODE_SIGN_STYLE = Automatic;
				INFOPLIST_FILE = LaboratorisFibUITests/Info.plist;
				LD_RUNPATH_SEARCH_PATHS = (
					"$(inherited)",
					"@executable_path/Frameworks",
					"@loader_path/Frameworks",
				);
				PRODUCT_BUNDLE_IDENTIFIER = celo.LaboratorisFibUITests;
				PRODUCT_NAME = "$(TARGET_NAME)";
				SWIFT_VERSION = 5.0;
				TARGETED_DEVICE_FAMILY = "1,2";
				TEST_TARGET_NAME = LaboratorisFib;
			};
			name = Debug;
		};
		71CC3297242E29C800BE0F3E /* Release */ = {
			isa = XCBuildConfiguration;
			baseConfigurationReference = ED8F1C1FE7A70F9A2D623B43 /* Pods-LaboratorisFib-LaboratorisFibUITests.release.xcconfig */;
			buildSettings = {
				ALWAYS_EMBED_SWIFT_STANDARD_LIBRARIES = YES;
				CODE_SIGN_STYLE = Automatic;
				INFOPLIST_FILE = LaboratorisFibUITests/Info.plist;
				LD_RUNPATH_SEARCH_PATHS = (
					"$(inherited)",
					"@executable_path/Frameworks",
					"@loader_path/Frameworks",
				);
				PRODUCT_BUNDLE_IDENTIFIER = celo.LaboratorisFibUITests;
				PRODUCT_NAME = "$(TARGET_NAME)";
				SWIFT_VERSION = 5.0;
				TARGETED_DEVICE_FAMILY = "1,2";
				TEST_TARGET_NAME = LaboratorisFib;
			};
			name = Release;
		};
/* End XCBuildConfiguration section */

/* Begin XCConfigurationList section */
		71CC3260242E29C600BE0F3E /* Build configuration list for PBXProject "LaboratorisFib" */ = {
			isa = XCConfigurationList;
			buildConfigurations = (
				71CC328D242E29C800BE0F3E /* Debug */,
				71CC328E242E29C800BE0F3E /* Release */,
			);
			defaultConfigurationIsVisible = 0;
			defaultConfigurationName = Release;
		};
		71CC328F242E29C800BE0F3E /* Build configuration list for PBXNativeTarget "LaboratorisFib" */ = {
			isa = XCConfigurationList;
			buildConfigurations = (
				71CC3290242E29C800BE0F3E /* Debug */,
				71CC3291242E29C800BE0F3E /* Release */,
			);
			defaultConfigurationIsVisible = 0;
			defaultConfigurationName = Release;
		};
		71CC3292242E29C800BE0F3E /* Build configuration list for PBXNativeTarget "LaboratorisFibTests" */ = {
			isa = XCConfigurationList;
			buildConfigurations = (
				71CC3293242E29C800BE0F3E /* Debug */,
				71CC3294242E29C800BE0F3E /* Release */,
			);
			defaultConfigurationIsVisible = 0;
			defaultConfigurationName = Release;
		};
		71CC3295242E29C800BE0F3E /* Build configuration list for PBXNativeTarget "LaboratorisFibUITests" */ = {
			isa = XCConfigurationList;
			buildConfigurations = (
				71CC3296242E29C800BE0F3E /* Debug */,
				71CC3297242E29C800BE0F3E /* Release */,
			);
			defaultConfigurationIsVisible = 0;
			defaultConfigurationName = Release;
		};
/* End XCConfigurationList section */
	};
	rootObject = 71CC325D242E29C600BE0F3E /* Project object */;
}
